
Microsoft Visual Studio Solution File, Format Version 12.00
# Visual Studio Version 17
VisualStudioVersion = 17.8.34330.188
MinimumVisualStudioVersion = 10.0.40219.1
Project("{FAE04EC0-301F-11D3-BF4B-00C04F79EFBC}") = "WindowsService1", "WindowsService1.csproj", "{645AE59D-C0A2-4506-84D5-8439EBA9F412}"
EndProject
Global
	GlobalSection(SolutionConfigurationPlatforms) = preSolution
		Debug|Any CPU = Debug|Any CPU
		Release|Any CPU = Release|Any CPU
	EndGlobalSection
	GlobalSection(ProjectConfigurationPlatforms) = postSolution
		{645AE59D-C0A2-4506-84D5-8439EBA9F412}.Debug|Any CPU.ActiveCfg = Debug|Any CPU
		{645AE59D-C0A2-4506-84D5-8439EBA9F412}.Debug|Any CPU.Build.0 = Debug|Any CPU
		{645AE59D-C0A2-4506-84D5-8439EBA9F412}.Release|Any CPU.ActiveCfg = Release|Any CPU
		{645AE59D-C0A2-4506-84D5-8439EBA9F412}.Release|Any CPU.Build.0 = Release|Any CPU
	EndGlobalSection
	GlobalSection(SolutionProperties) = preSolution
		HideSolutionNode = FALSE
	EndGlobalSection
	GlobalSection(ExtensibilityGlobals) = postSolution
		SolutionGuid = {5DCE2D07-5004-4577-A3A8-D19755302A30}
	EndGlobalSection
EndGlobal
